// !$*UTF8*$!
{
	archiveVersion = 1;
	classes = {
	};
	objectVersion = 46;
	objects = {

/* Begin PBXBuildFile section */
		0A054A7A1C3F758A00534A9A /* STTestPackerNetTask.m in Sources */ = {isa = PBXBuildFile; fileRef = 0A054A791C3F758A00534A9A /* STTestPackerNetTask.m */; };
		76586ED01B6CC698007D29E9 /* STTestMaxConcurrentTasksCountNetTask.m in Sources */ = {isa = PBXBuildFile; fileRef = 76586ECF1B6CC698007D29E9 /* STTestMaxConcurrentTasksCountNetTask.m */; };
		765FF89B1B5B565E00DE637E /* STTestGetNetTask.m in Sources */ = {isa = PBXBuildFile; fileRef = 765FF89A1B5B565E00DE637E /* STTestGetNetTask.m */; };
		765FF89F1B5B763000DE637E /* STTestPostNetTask.m in Sources */ = {isa = PBXBuildFile; fileRef = 765FF89E1B5B763000DE637E /* STTestPostNetTask.m */; };
		765FF8A21B5B7B3100DE637E /* STTestPutNetTask.m in Sources */ = {isa = PBXBuildFile; fileRef = 765FF8A11B5B7B3100DE637E /* STTestPutNetTask.m */; };
		765FF8AE1B5B840B00DE637E /* STTestPatchNetTask.m in Sources */ = {isa = PBXBuildFile; fileRef = 765FF8AD1B5B840B00DE637E /* STTestPatchNetTask.m */; };
		765FF8B41B5B854A00DE637E /* STTestDeleteNetTask.m in Sources */ = {isa = PBXBuildFile; fileRef = 765FF8B31B5B854A00DE637E /* STTestDeleteNetTask.m */; };
		7665028E1B554C9600B4F63D /* STNetTaskQueueTestHTTP.m in Sources */ = {isa = PBXBuildFile; fileRef = 7665028D1B554C9600B4F63D /* STNetTaskQueueTestHTTP.m */; };
		766502C11B55541F00B4F63D /* STTestRetryNetTask.m in Sources */ = {isa = PBXBuildFile; fileRef = 766502C01B55541F00B4F63D /* STTestRetryNetTask.m */; };
/* End PBXBuildFile section */

/* Begin PBXContainerItemProxy section */
		76012C811C26609D0090BE94 /* PBXContainerItemProxy */ = {
			isa = PBXContainerItemProxy;
			containerPortal = 76012C7D1C26609D0090BE94 /* STNetTaskQueue.xcodeproj */;
			proxyType = 2;
			remoteGlobalIDString = 76012C551C265A160090BE94;
			remoteInfo = STNetTaskQueue;
		};
		76012C831C2660AC0090BE94 /* PBXContainerItemProxy */ = {
			isa = PBXContainerItemProxy;
			containerPortal = 76012C7D1C26609D0090BE94 /* STNetTaskQueue.xcodeproj */;
			proxyType = 1;
			remoteGlobalIDString = 76012C541C265A160090BE94;
			remoteInfo = STNetTaskQueue;
		};
/* End PBXContainerItemProxy section */

/* Begin PBXFileReference section */
		0A054A781C3F758A00534A9A /* STTestPackerNetTask.h */ = {isa = PBXFileReference; fileEncoding = 4; lastKnownFileType = sourcecode.c.h; path = STTestPackerNetTask.h; sourceTree = "<group>"; };
		0A054A791C3F758A00534A9A /* STTestPackerNetTask.m */ = {isa = PBXFileReference; fileEncoding = 4; lastKnownFileType = sourcecode.c.objc; path = STTestPackerNetTask.m; sourceTree = "<group>"; };
		76012C7D1C26609D0090BE94 /* STNetTaskQueue.xcodeproj */ = {isa = PBXFileReference; lastKnownFileType = "wrapper.pb-project"; name = STNetTaskQueue.xcodeproj; path = ../STNetTaskQueue.xcodeproj; sourceTree = "<group>"; };
		76586ECE1B6CC698007D29E9 /* STTestMaxConcurrentTasksCountNetTask.h */ = {isa = PBXFileReference; fileEncoding = 4; lastKnownFileType = sourcecode.c.h; path = STTestMaxConcurrentTasksCountNetTask.h; sourceTree = "<group>"; };
		76586ECF1B6CC698007D29E9 /* STTestMaxConcurrentTasksCountNetTask.m */ = {isa = PBXFileReference; fileEncoding = 4; lastKnownFileType = sourcecode.c.objc; path = STTestMaxConcurrentTasksCountNetTask.m; sourceTree = "<group>"; };
		765FF8991B5B565E00DE637E /* STTestGetNetTask.h */ = {isa = PBXFileReference; fileEncoding = 4; lastKnownFileType = sourcecode.c.h; path = STTestGetNetTask.h; sourceTree = "<group>"; };
		765FF89A1B5B565E00DE637E /* STTestGetNetTask.m */ = {isa = PBXFileReference; fileEncoding = 4; lastKnownFileType = sourcecode.c.objc; path = STTestGetNetTask.m; sourceTree = "<group>"; };
		765FF89D1B5B763000DE637E /* STTestPostNetTask.h */ = {isa = PBXFileReference; fileEncoding = 4; lastKnownFileType = sourcecode.c.h; path = STTestPostNetTask.h; sourceTree = "<group>"; };
		765FF89E1B5B763000DE637E /* STTestPostNetTask.m */ = {isa = PBXFileReference; fileEncoding = 4; lastKnownFileType = sourcecode.c.objc; path = STTestPostNetTask.m; sourceTree = "<group>"; };
		765FF8A01B5B7B3100DE637E /* STTestPutNetTask.h */ = {isa = PBXFileReference; fileEncoding = 4; lastKnownFileType = sourcecode.c.h; path = STTestPutNetTask.h; sourceTree = "<group>"; };
		765FF8A11B5B7B3100DE637E /* STTestPutNetTask.m */ = {isa = PBXFileReference; fileEncoding = 4; lastKnownFileType = sourcecode.c.objc; path = STTestPutNetTask.m; sourceTree = "<group>"; };
		765FF8AC1B5B840B00DE637E /* STTestPatchNetTask.h */ = {isa = PBXFileReference; fileEncoding = 4; lastKnownFileType = sourcecode.c.h; path = STTestPatchNetTask.h; sourceTree = "<group>"; };
		765FF8AD1B5B840B00DE637E /* STTestPatchNetTask.m */ = {isa = PBXFileReference; fileEncoding = 4; lastKnownFileType = sourcecode.c.objc; path = STTestPatchNetTask.m; sourceTree = "<group>"; };
		765FF8B21B5B854A00DE637E /* STTestDeleteNetTask.h */ = {isa = PBXFileReference; fileEncoding = 4; lastKnownFileType = sourcecode.c.h; path = STTestDeleteNetTask.h; sourceTree = "<group>"; };
		765FF8B31B5B854A00DE637E /* STTestDeleteNetTask.m */ = {isa = PBXFileReference; fileEncoding = 4; lastKnownFileType = sourcecode.c.objc; path = STTestDeleteNetTask.m; sourceTree = "<group>"; };
		766502881B554C9600B4F63D /* STNetTaskQueueTest.xctest */ = {isa = PBXFileReference; explicitFileType = wrapper.cfbundle; includeInIndex = 0; path = STNetTaskQueueTest.xctest; sourceTree = BUILT_PRODUCTS_DIR; };
		7665028C1B554C9600B4F63D /* Info.plist */ = {isa = PBXFileReference; lastKnownFileType = text.plist.xml; path = Info.plist; sourceTree = "<group>"; };
		7665028D1B554C9600B4F63D /* STNetTaskQueueTestHTTP.m */ = {isa = PBXFileReference; lastKnownFileType = sourcecode.c.objc; path = STNetTaskQueueTestHTTP.m; sourceTree = "<group>"; };
		766502BF1B55541F00B4F63D /* STTestRetryNetTask.h */ = {isa = PBXFileReference; fileEncoding = 4; lastKnownFileType = sourcecode.c.h; path = STTestRetryNetTask.h; sourceTree = "<group>"; };
		766502C01B55541F00B4F63D /* STTestRetryNetTask.m */ = {isa = PBXFileReference; fileEncoding = 4; lastKnownFileType = sourcecode.c.objc; path = STTestRetryNetTask.m; sourceTree = "<group>"; };
/* End PBXFileReference section */

/* Begin PBXFrameworksBuildPhase section */
		766502851B554C9600B4F63D /* Frameworks */ = {
			isa = PBXFrameworksBuildPhase;
			buildActionMask = 2147483647;
			files = (
			);
			runOnlyForDeploymentPostprocessing = 0;
		};
/* End PBXFrameworksBuildPhase section */

/* Begin PBXGroup section */
		76012C7E1C26609D0090BE94 /* Products */ = {
			isa = PBXGroup;
			children = (
				76012C821C26609D0090BE94 /* STNetTaskQueue.framework */,
			);
			name = Products;
			sourceTree = "<group>";
		};
		765FF8981B5B562000DE637E /* NetTasks */ = {
			isa = PBXGroup;
			children = (
				765FF89C1B5B58E500DE637E /* HTTP */,
			);
			name = NetTasks;
			sourceTree = "<group>";
		};
		765FF89C1B5B58E500DE637E /* HTTP */ = {
			isa = PBXGroup;
			children = (
				766502BF1B55541F00B4F63D /* STTestRetryNetTask.h */,
				766502C01B55541F00B4F63D /* STTestRetryNetTask.m */,
				765FF8991B5B565E00DE637E /* STTestGetNetTask.h */,
				765FF89A1B5B565E00DE637E /* STTestGetNetTask.m */,
				765FF89D1B5B763000DE637E /* STTestPostNetTask.h */,
				765FF89E1B5B763000DE637E /* STTestPostNetTask.m */,
				765FF8A01B5B7B3100DE637E /* STTestPutNetTask.h */,
				765FF8A11B5B7B3100DE637E /* STTestPutNetTask.m */,
				765FF8AC1B5B840B00DE637E /* STTestPatchNetTask.h */,
				765FF8AD1B5B840B00DE637E /* STTestPatchNetTask.m */,
				765FF8B21B5B854A00DE637E /* STTestDeleteNetTask.h */,
				765FF8B31B5B854A00DE637E /* STTestDeleteNetTask.m */,
				76586ECE1B6CC698007D29E9 /* STTestMaxConcurrentTasksCountNetTask.h */,
				76586ECF1B6CC698007D29E9 /* STTestMaxConcurrentTasksCountNetTask.m */,
				0A054A781C3F758A00534A9A /* STTestPackerNetTask.h */,
				0A054A791C3F758A00534A9A /* STTestPackerNetTask.m */,
			);
			name = HTTP;
			sourceTree = "<group>";
		};
		7665027D1B554C6700B4F63D = {
			isa = PBXGroup;
			children = (
				76012C7D1C26609D0090BE94 /* STNetTaskQueue.xcodeproj */,
				7665028A1B554C9600B4F63D /* STNetTaskQueueTest */,
				766502891B554C9600B4F63D /* Products */,
			);
			sourceTree = "<group>";
		};
		766502891B554C9600B4F63D /* Products */ = {
			isa = PBXGroup;
			children = (
				766502881B554C9600B4F63D /* STNetTaskQueueTest.xctest */,
			);
			name = Products;
			sourceTree = "<group>";
		};
		7665028A1B554C9600B4F63D /* STNetTaskQueueTest */ = {
			isa = PBXGroup;
			children = (
				7665028B1B554C9600B4F63D /* Supporting Files */,
				765FF8981B5B562000DE637E /* NetTasks */,
				7665028D1B554C9600B4F63D /* STNetTaskQueueTestHTTP.m */,
			);
			path = STNetTaskQueueTest;
			sourceTree = "<group>";
		};
		7665028B1B554C9600B4F63D /* Supporting Files */ = {
			isa = PBXGroup;
			children = (
				7665028C1B554C9600B4F63D /* Info.plist */,
			);
			name = "Supporting Files";
			sourceTree = "<group>";
		};
/* End PBXGroup section */

/* Begin PBXNativeTarget section */
		766502871B554C9600B4F63D /* STNetTaskQueueTest */ = {
			isa = PBXNativeTarget;
			buildConfigurationList = 7665028F1B554C9600B4F63D /* Build configuration list for PBXNativeTarget "STNetTaskQueueTest" */;
			buildPhases = (
				766502841B554C9600B4F63D /* Sources */,
				766502851B554C9600B4F63D /* Frameworks */,
				766502861B554C9600B4F63D /* Resources */,
			);
			buildRules = (
			);
			dependencies = (
				76012C841C2660AC0090BE94 /* PBXTargetDependency */,
			);
			name = STNetTaskQueueTest;
			productName = STNetTaskQueueTest;
			productReference = 766502881B554C9600B4F63D /* STNetTaskQueueTest.xctest */;
			productType = "com.apple.product-type.bundle.unit-test";
		};
/* End PBXNativeTarget section */

/* Begin PBXProject section */
		7665027E1B554C6700B4F63D /* Project object */ = {
			isa = PBXProject;
			attributes = {
				LastUpgradeCheck = 0720;
				TargetAttributes = {
					766502871B554C9600B4F63D = {
						CreatedOnToolsVersion = 6.4;
					};
				};
			};
			buildConfigurationList = 766502811B554C6700B4F63D /* Build configuration list for PBXProject "STNetTaskQueueTest" */;
			compatibilityVersion = "Xcode 3.2";
			developmentRegion = English;
			hasScannedForEncodings = 0;
			knownRegions = (
				en,
			);
			mainGroup = 7665027D1B554C6700B4F63D;
			productRefGroup = 766502891B554C9600B4F63D /* Products */;
			projectDirPath = "";
			projectReferences = (
				{
					ProductGroup = 76012C7E1C26609D0090BE94 /* Products */;
					ProjectRef = 76012C7D1C26609D0090BE94 /* STNetTaskQueue.xcodeproj */;
				},
			);
			projectRoot = "";
			targets = (
				766502871B554C9600B4F63D /* STNetTaskQueueTest */,
			);
		};
/* End PBXProject section */

/* Begin PBXReferenceProxy section */
		76012C821C26609D0090BE94 /* STNetTaskQueue.framework */ = {
			isa = PBXReferenceProxy;
			fileType = wrapper.framework;
			path = STNetTaskQueue.framework;
			remoteRef = 76012C811C26609D0090BE94 /* PBXContainerItemProxy */;
			sourceTree = BUILT_PRODUCTS_DIR;
		};
/* End PBXReferenceProxy section */

/* Begin PBXResourcesBuildPhase section */
		766502861B554C9600B4F63D /* Resources */ = {
			isa = PBXResourcesBuildPhase;
			buildActionMask = 2147483647;
			files = (
			);
			runOnlyForDeploymentPostprocessing = 0;
		};
/* End PBXResourcesBuildPhase section */

/* Begin PBXSourcesBuildPhase section */
		766502841B554C9600B4F63D /* Sources */ = {
			isa = PBXSourcesBuildPhase;
			buildActionMask = 2147483647;
			files = (
				0A054A7A1C3F758A00534A9A /* STTestPackerNetTask.m in Sources */,
				765FF8B41B5B854A00DE637E /* STTestDeleteNetTask.m in Sources */,
				7665028E1B554C9600B4F63D /* STNetTaskQueueTestHTTP.m in Sources */,
				765FF8A21B5B7B3100DE637E /* STTestPutNetTask.m in Sources */,
				766502C11B55541F00B4F63D /* STTestRetryNetTask.m in Sources */,
				765FF89B1B5B565E00DE637E /* STTestGetNetTask.m in Sources */,
				765FF89F1B5B763000DE637E /* STTestPostNetTask.m in Sources */,
				76586ED01B6CC698007D29E9 /* STTestMaxConcurrentTasksCountNetTask.m in Sources */,
				765FF8AE1B5B840B00DE637E /* STTestPatchNetTask.m in Sources */,
			);
			runOnlyForDeploymentPostprocessing = 0;
		};
/* End PBXSourcesBuildPhase section */

/* Begin PBXTargetDependency section */
		76012C841C2660AC0090BE94 /* PBXTargetDependency */ = {
			isa = PBXTargetDependency;
			name = STNetTaskQueue;
			targetProxy = 76012C831C2660AC0090BE94 /* PBXContainerItemProxy */;
		};
/* End PBXTargetDependency section */

/* Begin XCBuildConfiguration section */
		766502821B554C6700B4F63D /* Debug */ = {
			isa = XCBuildConfiguration;
			buildSettings = {
				ENABLE_TESTABILITY = YES;
				IPHONEOS_DEPLOYMENT_TARGET = 8.0;
				ONLY_ACTIVE_ARCH = YES;
			};
			name = Debug;
		};
		766502831B554C6700B4F63D /* Release */ = {
			isa = XCBuildConfiguration;
			buildSettings = {
				IPHONEOS_DEPLOYMENT_TARGET = 8.0;
			};
			name = Release;
		};
		766502901B554C9600B4F63D /* Debug */ = {
			isa = XCBuildConfiguration;
			buildSettings = {
				ALWAYS_SEARCH_USER_PATHS = NO;
				CLANG_CXX_LANGUAGE_STANDARD = "gnu++0x";
				CLANG_CXX_LIBRARY = "libc++";
				CLANG_ENABLE_MODULES = YES;
				CLANG_ENABLE_OBJC_ARC = YES;
				CLANG_WARN_BOOL_CONVERSION = YES;
				CLANG_WARN_CONSTANT_CONVERSION = YES;
				CLANG_WARN_DIRECT_OBJC_ISA_USAGE = YES_ERROR;
				CLANG_WARN_EMPTY_BODY = YES;
				CLANG_WARN_ENUM_CONVERSION = YES;
				CLANG_WARN_INT_CONVERSION = YES;
				CLANG_WARN_OBJC_ROOT_CLASS = YES_ERROR;
				CLANG_WARN_UNREACHABLE_CODE = YES;
				CLANG_WARN__DUPLICATE_METHOD_MATCH = YES;
				COPY_PHASE_STRIP = NO;
				DEBUG_INFORMATION_FORMAT = "dwarf-with-dsym";
				ENABLE_STRICT_OBJC_MSGSEND = YES;
				FRAMEWORK_SEARCH_PATHS = "$(inherited)";
				GCC_C_LANGUAGE_STANDARD = gnu99;
				GCC_DYNAMIC_NO_PIC = NO;
				GCC_NO_COMMON_BLOCKS = YES;
				GCC_OPTIMIZATION_LEVEL = 0;
				GCC_PREPROCESSOR_DEFINITIONS = (
					"DEBUG=1",
					"$(inherited)",
				);
				GCC_SYMBOLS_PRIVATE_EXTERN = NO;
				GCC_WARN_64_TO_32_BIT_CONVERSION = YES;
				GCC_WARN_ABOUT_RETURN_TYPE = YES_ERROR;
				GCC_WARN_UNDECLARED_SELECTOR = YES;
				GCC_WARN_UNINITIALIZED_AUTOS = YES_AGGRESSIVE;
				GCC_WARN_UNUSED_FUNCTION = YES;
				GCC_WARN_UNUSED_VARIABLE = YES;
				INFOPLIST_FILE = STNetTaskQueueTest/Info.plist;
				IPHONEOS_DEPLOYMENT_TARGET = 8.0;
				LD_RUNPATH_SEARCH_PATHS = "$(inherited) @executable_path/Frameworks @loader_path/Frameworks";
				MTL_ENABLE_DEBUG_INFO = YES;
				ONLY_ACTIVE_ARCH = YES;
				PRODUCT_BUNDLE_IDENTIFIER = "me.sth4.$(PRODUCT_NAME:rfc1034identifier)";
				PRODUCT_NAME = "$(TARGET_NAME)";
				SDKROOT = iphoneos;
			};
			name = Debug;
		};
		766502911B554C9600B4F63D /* Release */ = {
			isa = XCBuildConfiguration;
			buildSettings = {
				ALWAYS_SEARCH_USER_PATHS = NO;
				CLANG_CXX_LANGUAGE_STANDARD = "gnu++0x";
				CLANG_CXX_LIBRARY = "libc++";
				CLANG_ENABLE_MODULES = YES;
				CLANG_ENABLE_OBJC_ARC = YES;
				CLANG_WARN_BOOL_CONVERSION = YES;
				CLANG_WARN_CONSTANT_CONVERSION = YES;
				CLANG_WARN_DIRECT_OBJC_ISA_USAGE = YES_ERROR;
				CLANG_WARN_EMPTY_BODY = YES;
				CLANG_WARN_ENUM_CONVERSION = YES;
				CLANG_WARN_INT_CONVERSION = YES;
				CLANG_WARN_OBJC_ROOT_CLASS = YES_ERROR;
				CLANG_WARN_UNREACHABLE_CODE = YES;
				CLANG_WARN__DUPLICATE_METHOD_MATCH = YES;
				COPY_PHASE_STRIP = NO;
				DEBUG_INFORMATION_FORMAT = "dwarf-with-dsym";
				ENABLE_NS_ASSERTIONS = NO;
				ENABLE_STRICT_OBJC_MSGSEND = YES;
				FRAMEWORK_SEARCH_PATHS = "$(inherited)";
				GCC_C_LANGUAGE_STANDARD = gnu99;
				GCC_NO_COMMON_BLOCKS = YES;
				GCC_WARN_64_TO_32_BIT_CONVERSION = YES;
				GCC_WARN_ABOUT_RETURN_TYPE = YES_ERROR;
				GCC_WARN_UNDECLARED_SELECTOR = YES;
				GCC_WARN_UNINITIALIZED_AUTOS = YES_AGGRESSIVE;
				GCC_WARN_UNUSED_FUNCTION = YES;
				GCC_WARN_UNUSED_VARIABLE = YES;
				INFOPLIST_FILE = STNetTaskQueueTest/Info.plist;
				IPHONEOS_DEPLOYMENT_TARGET = 8.0;
				LD_RUNPATH_SEARCH_PATHS = "$(inherited) @executable_path/Frameworks @loader_path/Frameworks";
				MTL_ENABLE_DEBUG_INFO = NO;
				PRODUCT_BUNDLE_IDENTIFIER = "me.sth4.$(PRODUCT_NAME:rfc1034identifier)";
				PRODUCT_NAME = "$(TARGET_NAME)";
				SDKROOT = iphoneos;
				VALIDATE_PRODUCT = YES;
			};
			name = Release;
		};
/* End XCBuildConfiguration section */

/* Begin XCConfigurationList section */
		766502811B554C6700B4F63D /* Build configuration list for PBXProject "STNetTaskQueueTest" */ = {
			isa = XCConfigurationList;
			buildConfigurations = (
				766502821B554C6700B4F63D /* Debug */,
				766502831B554C6700B4F63D /* Release */,
			);
			defaultConfigurationIsVisible = 0;
			defaultConfigurationName = Release;
		};
		7665028F1B554C9600B4F63D /* Build configuration list for PBXNativeTarget "STNetTaskQueueTest" */ = {
			isa = XCConfigurationList;
			buildConfigurations = (
				766502901B554C9600B4F63D /* Debug */,
				766502911B554C9600B4F63D /* Release */,
			);
			defaultConfigurationIsVisible = 0;
			defaultConfigurationName = Release;
		};
/* End XCConfigurationList section */
	};
	rootObject = 7665027E1B554C6700B4F63D /* Project object */;
}
