// !$*UTF8*$!
{
	archiveVersion = 1;
	classes = {
	};
	objectVersion = 46;
	objects = {

/* Begin PBXBuildFile section */
		76012C6E1C265EC50090BE94 /* STHTTPNetTask.h in Headers */ = {isa = PBXBuildFile; fileRef = 76012C601C265EC50090BE94 /* STHTTPNetTask.h */; settings = {ATTRIBUTES = (Public, ); }; };
		76012C6F1C265EC50090BE94 /* STHTTPNetTask.m in Sources */ = {isa = PBXBuildFile; fileRef = 76012C611C265EC50090BE94 /* STHTTPNetTask.m */; };
		76012C701C265EC50090BE94 /* STHTTPNetTaskParametersPacker.h in Headers */ = {isa = PBXBuildFile; fileRef = 76012C621C265EC50090BE94 /* STHTTPNetTaskParametersPacker.h */; };
		76012C711C265EC50090BE94 /* STHTTPNetTaskParametersPacker.m in Sources */ = {isa = PBXBuildFile; fileRef = 76012C631C265EC50090BE94 /* STHTTPNetTaskParametersPacker.m */; };
		76012C721C265EC50090BE94 /* STHTTPNetTaskQueueHandler.h in Headers */ = {isa = PBXBuildFile; fileRef = 76012C641C265EC50090BE94 /* STHTTPNetTaskQueueHandler.h */; settings = {ATTRIBUTES = (Public, ); }; };
		76012C731C265EC50090BE94 /* STHTTPNetTaskQueueHandler.m in Sources */ = {isa = PBXBuildFile; fileRef = 76012C651C265EC50090BE94 /* STHTTPNetTaskQueueHandler.m */; };
		76012C741C265EC50090BE94 /* STNetTask.h in Headers */ = {isa = PBXBuildFile; fileRef = 76012C661C265EC50090BE94 /* STNetTask.h */; settings = {ATTRIBUTES = (Public, ); }; };
		76012C751C265EC50090BE94 /* STNetTask.m in Sources */ = {isa = PBXBuildFile; fileRef = 76012C671C265EC50090BE94 /* STNetTask.m */; };
		76012C761C265EC50090BE94 /* STNetTaskChain.h in Headers */ = {isa = PBXBuildFile; fileRef = 76012C681C265EC50090BE94 /* STNetTaskChain.h */; settings = {ATTRIBUTES = (Public, ); }; };
		76012C771C265EC50090BE94 /* STNetTaskChain.m in Sources */ = {isa = PBXBuildFile; fileRef = 76012C691C265EC50090BE94 /* STNetTaskChain.m */; };
		76012C781C265EC50090BE94 /* STNetTaskQueue.h in Headers */ = {isa = PBXBuildFile; fileRef = 76012C6A1C265EC50090BE94 /* STNetTaskQueue.h */; settings = {ATTRIBUTES = (Public, ); }; };
		76012C791C265EC50090BE94 /* STNetTaskQueue.m in Sources */ = {isa = PBXBuildFile; fileRef = 76012C6B1C265EC50090BE94 /* STNetTaskQueue.m */; };
		76012C7A1C265EC50090BE94 /* STNetTaskQueueLog.h in Headers */ = {isa = PBXBuildFile; fileRef = 76012C6C1C265EC50090BE94 /* STNetTaskQueueLog.h */; };
		76012C7B1C265EC50090BE94 /* STNetTaskQueueLog.m in Sources */ = {isa = PBXBuildFile; fileRef = 76012C6D1C265EC50090BE94 /* STNetTaskQueueLog.m */; };
		7645D0FF1CDF66D5000ED54A /* STNetTaskGroup.h in Headers */ = {isa = PBXBuildFile; fileRef = 7645D0FD1CDF66D5000ED54A /* STNetTaskGroup.h */; settings = {ATTRIBUTES = (Public, ); }; };
		7645D1001CDF66D5000ED54A /* STNetTaskGroup.m in Sources */ = {isa = PBXBuildFile; fileRef = 7645D0FE1CDF66D5000ED54A /* STNetTaskGroup.m */; };
		7B1333981D2941FC00DA5E58 /* WebCache.xcdatamodeld in Sources */ = {isa = PBXBuildFile; fileRef = 7B1333961D2941FC00DA5E58 /* WebCache.xcdatamodeld */; };
		7B13339B1D29426E00DA5E58 /* CoreData.framework in Frameworks */ = {isa = PBXBuildFile; fileRef = 7B13339A1D29426E00DA5E58 /* CoreData.framework */; };
		7B1333A31D2942AB00DA5E58 /* STWebURLResponse.h in Headers */ = {isa = PBXBuildFile; fileRef = 7B13339F1D2942AB00DA5E58 /* STWebURLResponse.h */; };
		7B1333A41D2942AB00DA5E58 /* STWebURLResponse.m in Sources */ = {isa = PBXBuildFile; fileRef = 7B1333A01D2942AB00DA5E58 /* STWebURLResponse.m */; };
		7B1333A81D29438F00DA5E58 /* STWebCache.h in Headers */ = {isa = PBXBuildFile; fileRef = 7B1333A61D29438F00DA5E58 /* STWebCache.h */; };
		7B1333A91D29438F00DA5E58 /* STWebCache.m in Sources */ = {isa = PBXBuildFile; fileRef = 7B1333A71D29438F00DA5E58 /* STWebCache.m */; };
		7B1333AD1D29455300DA5E58 /* STBaseCoreDataStorage.h in Headers */ = {isa = PBXBuildFile; fileRef = 7B1333AB1D29455300DA5E58 /* STBaseCoreDataStorage.h */; };
		7B1333AE1D29455300DA5E58 /* STBaseCoreDataStorage.m in Sources */ = {isa = PBXBuildFile; fileRef = 7B1333AC1D29455300DA5E58 /* STBaseCoreDataStorage.m */; };
		7B1333B11D29669C00DA5E58 /* WebCache.xcdatamodeld in Resources */ = {isa = PBXBuildFile; fileRef = 7B1333961D2941FC00DA5E58 /* WebCache.xcdatamodeld */; };
		7B1333B41D297E1C00DA5E58 /* STNetTask+Management.h in Headers */ = {isa = PBXBuildFile; fileRef = 7B1333B21D297E1C00DA5E58 /* STNetTask+Management.h */; };
		7B1333B51D297E1C00DA5E58 /* STNetTask+Management.m in Sources */ = {isa = PBXBuildFile; fileRef = 7B1333B31D297E1C00DA5E58 /* STNetTask+Management.m */; };
/* End PBXBuildFile section */

/* Begin PBXFileReference section */
		76012C551C265A160090BE94 /* STNetTaskQueue.framework */ = {isa = PBXFileReference; explicitFileType = wrapper.framework; includeInIndex = 0; path = STNetTaskQueue.framework; sourceTree = BUILT_PRODUCTS_DIR; };
		76012C5A1C265A160090BE94 /* Info.plist */ = {isa = PBXFileReference; lastKnownFileType = text.plist.xml; path = Info.plist; sourceTree = "<group>"; };
		76012C601C265EC50090BE94 /* STHTTPNetTask.h */ = {isa = PBXFileReference; fileEncoding = 4; lastKnownFileType = sourcecode.c.h; path = STHTTPNetTask.h; sourceTree = "<group>"; };
		76012C611C265EC50090BE94 /* STHTTPNetTask.m */ = {isa = PBXFileReference; fileEncoding = 4; lastKnownFileType = sourcecode.c.objc; path = STHTTPNetTask.m; sourceTree = "<group>"; };
		76012C621C265EC50090BE94 /* STHTTPNetTaskParametersPacker.h */ = {isa = PBXFileReference; fileEncoding = 4; lastKnownFileType = sourcecode.c.h; path = STHTTPNetTaskParametersPacker.h; sourceTree = "<group>"; };
		76012C631C265EC50090BE94 /* STHTTPNetTaskParametersPacker.m */ = {isa = PBXFileReference; fileEncoding = 4; lastKnownFileType = sourcecode.c.objc; path = STHTTPNetTaskParametersPacker.m; sourceTree = "<group>"; };
		76012C641C265EC50090BE94 /* STHTTPNetTaskQueueHandler.h */ = {isa = PBXFileReference; fileEncoding = 4; lastKnownFileType = sourcecode.c.h; path = STHTTPNetTaskQueueHandler.h; sourceTree = "<group>"; };
		76012C651C265EC50090BE94 /* STHTTPNetTaskQueueHandler.m */ = {isa = PBXFileReference; fileEncoding = 4; lastKnownFileType = sourcecode.c.objc; path = STHTTPNetTaskQueueHandler.m; sourceTree = "<group>"; };
		76012C661C265EC50090BE94 /* STNetTask.h */ = {isa = PBXFileReference; fileEncoding = 4; lastKnownFileType = sourcecode.c.h; path = STNetTask.h; sourceTree = "<group>"; };
		76012C671C265EC50090BE94 /* STNetTask.m */ = {isa = PBXFileReference; fileEncoding = 4; lastKnownFileType = sourcecode.c.objc; path = STNetTask.m; sourceTree = "<group>"; };
		76012C681C265EC50090BE94 /* STNetTaskChain.h */ = {isa = PBXFileReference; fileEncoding = 4; lastKnownFileType = sourcecode.c.h; path = STNetTaskChain.h; sourceTree = "<group>"; };
		76012C691C265EC50090BE94 /* STNetTaskChain.m */ = {isa = PBXFileReference; fileEncoding = 4; lastKnownFileType = sourcecode.c.objc; path = STNetTaskChain.m; sourceTree = "<group>"; };
		76012C6A1C265EC50090BE94 /* STNetTaskQueue.h */ = {isa = PBXFileReference; fileEncoding = 4; lastKnownFileType = sourcecode.c.h; path = STNetTaskQueue.h; sourceTree = "<group>"; };
		76012C6B1C265EC50090BE94 /* STNetTaskQueue.m */ = {isa = PBXFileReference; fileEncoding = 4; lastKnownFileType = sourcecode.c.objc; path = STNetTaskQueue.m; sourceTree = "<group>"; };
		76012C6C1C265EC50090BE94 /* STNetTaskQueueLog.h */ = {isa = PBXFileReference; fileEncoding = 4; lastKnownFileType = sourcecode.c.h; path = STNetTaskQueueLog.h; sourceTree = "<group>"; };
		76012C6D1C265EC50090BE94 /* STNetTaskQueueLog.m */ = {isa = PBXFileReference; fileEncoding = 4; lastKnownFileType = sourcecode.c.objc; path = STNetTaskQueueLog.m; sourceTree = "<group>"; };
		7645D0FD1CDF66D5000ED54A /* STNetTaskGroup.h */ = {isa = PBXFileReference; fileEncoding = 4; lastKnownFileType = sourcecode.c.h; path = STNetTaskGroup.h; sourceTree = "<group>"; };
		7645D0FE1CDF66D5000ED54A /* STNetTaskGroup.m */ = {isa = PBXFileReference; fileEncoding = 4; lastKnownFileType = sourcecode.c.objc; path = STNetTaskGroup.m; sourceTree = "<group>"; };
		7B1333971D2941FC00DA5E58 /* WebCache.xcdatamodel */ = {isa = PBXFileReference; lastKnownFileType = wrapper.xcdatamodel; path = WebCache.xcdatamodel; sourceTree = "<group>"; };
		7B13339A1D29426E00DA5E58 /* CoreData.framework */ = {isa = PBXFileReference; lastKnownFileType = wrapper.framework; name = CoreData.framework; path = System/Library/Frameworks/CoreData.framework; sourceTree = SDKROOT; };
		7B13339F1D2942AB00DA5E58 /* STWebURLResponse.h */ = {isa = PBXFileReference; fileEncoding = 4; lastKnownFileType = sourcecode.c.h; path = STWebURLResponse.h; sourceTree = "<group>"; };
		7B1333A01D2942AB00DA5E58 /* STWebURLResponse.m */ = {isa = PBXFileReference; fileEncoding = 4; lastKnownFileType = sourcecode.c.objc; path = STWebURLResponse.m; sourceTree = "<group>"; };
		7B1333A61D29438F00DA5E58 /* STWebCache.h */ = {isa = PBXFileReference; fileEncoding = 4; lastKnownFileType = sourcecode.c.h; path = STWebCache.h; sourceTree = "<group>"; };
		7B1333A71D29438F00DA5E58 /* STWebCache.m */ = {isa = PBXFileReference; fileEncoding = 4; lastKnownFileType = sourcecode.c.objc; path = STWebCache.m; sourceTree = "<group>"; };
		7B1333AB1D29455300DA5E58 /* STBaseCoreDataStorage.h */ = {isa = PBXFileReference; fileEncoding = 4; lastKnownFileType = sourcecode.c.h; path = STBaseCoreDataStorage.h; sourceTree = "<group>"; };
		7B1333AC1D29455300DA5E58 /* STBaseCoreDataStorage.m */ = {isa = PBXFileReference; fileEncoding = 4; lastKnownFileType = sourcecode.c.objc; path = STBaseCoreDataStorage.m; sourceTree = "<group>"; };
		7B1333B21D297E1C00DA5E58 /* STNetTask+Management.h */ = {isa = PBXFileReference; fileEncoding = 4; lastKnownFileType = sourcecode.c.h; path = "STNetTask+Management.h"; sourceTree = "<group>"; };
		7B1333B31D297E1C00DA5E58 /* STNetTask+Management.m */ = {isa = PBXFileReference; fileEncoding = 4; lastKnownFileType = sourcecode.c.objc; path = "STNetTask+Management.m"; sourceTree = "<group>"; };
/* End PBXFileReference section */

/* Begin PBXFrameworksBuildPhase section */
		76012C511C265A160090BE94 /* Frameworks */ = {
			isa = PBXFrameworksBuildPhase;
			buildActionMask = 2147483647;
			files = (
				7B13339B1D29426E00DA5E58 /* CoreData.framework in Frameworks */,
			);
			runOnlyForDeploymentPostprocessing = 0;
		};
/* End PBXFrameworksBuildPhase section */

/* Begin PBXGroup section */
		76012C4B1C265A160090BE94 = {
			isa = PBXGroup;
			children = (
				7B13339A1D29426E00DA5E58 /* CoreData.framework */,
				76012C571C265A160090BE94 /* STNetTaskQueue */,
				76012C561C265A160090BE94 /* Products */,
			);
			sourceTree = "<group>";
		};
		76012C561C265A160090BE94 /* Products */ = {
			isa = PBXGroup;
			children = (
				76012C551C265A160090BE94 /* STNetTaskQueue.framework */,
			);
			name = Products;
			sourceTree = "<group>";
		};
		76012C571C265A160090BE94 /* STNetTaskQueue */ = {
			isa = PBXGroup;
			children = (
				7B1333951D2941E000DA5E58 /* Cache */,
				76012C7C1C265F6E0090BE94 /* HTTP */,
				76012C661C265EC50090BE94 /* STNetTask.h */,
				76012C671C265EC50090BE94 /* STNetTask.m */,
				76012C681C265EC50090BE94 /* STNetTaskChain.h */,
				76012C691C265EC50090BE94 /* STNetTaskChain.m */,
				76012C6A1C265EC50090BE94 /* STNetTaskQueue.h */,
				76012C6B1C265EC50090BE94 /* STNetTaskQueue.m */,
				76012C6C1C265EC50090BE94 /* STNetTaskQueueLog.h */,
				76012C6D1C265EC50090BE94 /* STNetTaskQueueLog.m */,
				7645D0FD1CDF66D5000ED54A /* STNetTaskGroup.h */,
				7645D0FE1CDF66D5000ED54A /* STNetTaskGroup.m */,
				76012C5A1C265A160090BE94 /* Info.plist */,
				7B1333B21D297E1C00DA5E58 /* STNetTask+Management.h */,
				7B1333B31D297E1C00DA5E58 /* STNetTask+Management.m */,
			);
			path = STNetTaskQueue;
			sourceTree = "<group>";
		};
		76012C7C1C265F6E0090BE94 /* HTTP */ = {
			isa = PBXGroup;
			children = (
				76012C601C265EC50090BE94 /* STHTTPNetTask.h */,
				76012C611C265EC50090BE94 /* STHTTPNetTask.m */,
				76012C621C265EC50090BE94 /* STHTTPNetTaskParametersPacker.h */,
				76012C631C265EC50090BE94 /* STHTTPNetTaskParametersPacker.m */,
				76012C641C265EC50090BE94 /* STHTTPNetTaskQueueHandler.h */,
				76012C651C265EC50090BE94 /* STHTTPNetTaskQueueHandler.m */,
			);
			name = HTTP;
			sourceTree = "<group>";
		};
		7B1333951D2941E000DA5E58 /* Cache */ = {
			isa = PBXGroup;
			children = (
				7B1333AA1D29453800DA5E58 /* Base Storage */,
				7B1333A51D29437400DA5E58 /* Manager */,
				7B13339C1D29429000DA5E58 /* Model */,
				7B1333991D29424F00DA5E58 /* CoreData Model */,
			);
			name = Cache;
			sourceTree = "<group>";
		};
		7B1333991D29424F00DA5E58 /* CoreData Model */ = {
			isa = PBXGroup;
			children = (
				7B1333961D2941FC00DA5E58 /* WebCache.xcdatamodeld */,
			);
			name = "CoreData Model";
			sourceTree = "<group>";
		};
		7B13339C1D29429000DA5E58 /* Model */ = {
			isa = PBXGroup;
			children = (
				7B13339F1D2942AB00DA5E58 /* STWebURLResponse.h */,
				7B1333A01D2942AB00DA5E58 /* STWebURLResponse.m */,
			);
			name = Model;
			sourceTree = "<group>";
		};
		7B1333A51D29437400DA5E58 /* Manager */ = {
			isa = PBXGroup;
			children = (
				7B1333A61D29438F00DA5E58 /* STWebCache.h */,
				7B1333A71D29438F00DA5E58 /* STWebCache.m */,
			);
			name = Manager;
			sourceTree = "<group>";
		};
		7B1333AA1D29453800DA5E58 /* Base Storage */ = {
			isa = PBXGroup;
			children = (
				7B1333AB1D29455300DA5E58 /* STBaseCoreDataStorage.h */,
				7B1333AC1D29455300DA5E58 /* STBaseCoreDataStorage.m */,
			);
			name = "Base Storage";
			sourceTree = "<group>";
		};
/* End PBXGroup section */

/* Begin PBXHeadersBuildPhase section */
		76012C521C265A160090BE94 /* Headers */ = {
			isa = PBXHeadersBuildPhase;
			buildActionMask = 2147483647;
			files = (
				76012C6E1C265EC50090BE94 /* STHTTPNetTask.h in Headers */,
				7B1333B41D297E1C00DA5E58 /* STNetTask+Management.h in Headers */,
				76012C761C265EC50090BE94 /* STNetTaskChain.h in Headers */,
				76012C741C265EC50090BE94 /* STNetTask.h in Headers */,
				7B1333A81D29438F00DA5E58 /* STWebCache.h in Headers */,
				76012C781C265EC50090BE94 /* STNetTaskQueue.h in Headers */,
				7645D0FF1CDF66D5000ED54A /* STNetTaskGroup.h in Headers */,
				76012C721C265EC50090BE94 /* STHTTPNetTaskQueueHandler.h in Headers */,
				76012C7A1C265EC50090BE94 /* STNetTaskQueueLog.h in Headers */,
				7B1333A31D2942AB00DA5E58 /* STWebURLResponse.h in Headers */,
				7B1333AD1D29455300DA5E58 /* STBaseCoreDataStorage.h in Headers */,
				76012C701C265EC50090BE94 /* STHTTPNetTaskParametersPacker.h in Headers */,
			);
			runOnlyForDeploymentPostprocessing = 0;
		};
/* End PBXHeadersBuildPhase section */

/* Begin PBXNativeTarget section */
		76012C541C265A160090BE94 /* STNetTaskQueue */ = {
			isa = PBXNativeTarget;
			buildConfigurationList = 76012C5D1C265A160090BE94 /* Build configuration list for PBXNativeTarget "STNetTaskQueue" */;
			buildPhases = (
				76012C501C265A160090BE94 /* Sources */,
				76012C511C265A160090BE94 /* Frameworks */,
				76012C521C265A160090BE94 /* Headers */,
				76012C531C265A160090BE94 /* Resources */,
			);
			buildRules = (
			);
			dependencies = (
			);
			name = STNetTaskQueue;
			productName = STNetTaskQueue;
			productReference = 76012C551C265A160090BE94 /* STNetTaskQueue.framework */;
			productType = "com.apple.product-type.framework";
		};
/* End PBXNativeTarget section */

/* Begin PBXProject section */
		76012C4C1C265A160090BE94 /* Project object */ = {
			isa = PBXProject;
			attributes = {
				LastUpgradeCheck = 0720;
				ORGANIZATIONNAME = Sth4Me;
				TargetAttributes = {
					76012C541C265A160090BE94 = {
						CreatedOnToolsVersion = 7.2;
					};
				};
			};
			buildConfigurationList = 76012C4F1C265A160090BE94 /* Build configuration list for PBXProject "STNetTaskQueue" */;
			compatibilityVersion = "Xcode 3.2";
			developmentRegion = English;
			hasScannedForEncodings = 0;
			knownRegions = (
				en,
			);
			mainGroup = 76012C4B1C265A160090BE94;
			productRefGroup = 76012C561C265A160090BE94 /* Products */;
			projectDirPath = "";
			projectRoot = "";
			targets = (
				76012C541C265A160090BE94 /* STNetTaskQueue */,
			);
		};
/* End PBXProject section */

/* Begin PBXResourcesBuildPhase section */
		76012C531C265A160090BE94 /* Resources */ = {
			isa = PBXResourcesBuildPhase;
			buildActionMask = 2147483647;
			files = (
				7B1333B11D29669C00DA5E58 /* WebCache.xcdatamodeld in Resources */,
			);
			runOnlyForDeploymentPostprocessing = 0;
		};
/* End PBXResourcesBuildPhase section */

/* Begin PBXSourcesBuildPhase section */
		76012C501C265A160090BE94 /* Sources */ = {
			isa = PBXSourcesBuildPhase;
			buildActionMask = 2147483647;
			files = (
				76012C6F1C265EC50090BE94 /* STHTTPNetTask.m in Sources */,
				7645D1001CDF66D5000ED54A /* STNetTaskGroup.m in Sources */,
				76012C7B1C265EC50090BE94 /* STNetTaskQueueLog.m in Sources */,
				76012C711C265EC50090BE94 /* STHTTPNetTaskParametersPacker.m in Sources */,
				7B1333AE1D29455300DA5E58 /* STBaseCoreDataStorage.m in Sources */,
				76012C771C265EC50090BE94 /* STNetTaskChain.m in Sources */,
				7B1333A41D2942AB00DA5E58 /* STWebURLResponse.m in Sources */,
				7B1333B51D297E1C00DA5E58 /* STNetTask+Management.m in Sources */,
				76012C731C265EC50090BE94 /* STHTTPNetTaskQueueHandler.m in Sources */,
				76012C751C265EC50090BE94 /* STNetTask.m in Sources */,
				7B1333981D2941FC00DA5E58 /* WebCache.xcdatamodeld in Sources */,
				7B1333A91D29438F00DA5E58 /* STWebCache.m in Sources */,
				76012C791C265EC50090BE94 /* STNetTaskQueue.m in Sources */,
			);
			runOnlyForDeploymentPostprocessing = 0;
		};
/* End PBXSourcesBuildPhase section */

/* Begin XCBuildConfiguration section */
		76012C5B1C265A160090BE94 /* Debug */ = {
			isa = XCBuildConfiguration;
			buildSettings = {
				ALWAYS_SEARCH_USER_PATHS = NO;
				CLANG_CXX_LANGUAGE_STANDARD = "gnu++0x";
				CLANG_CXX_LIBRARY = "libc++";
				CLANG_ENABLE_MODULES = YES;
				CLANG_ENABLE_OBJC_ARC = YES;
				CLANG_WARN_BOOL_CONVERSION = YES;
				CLANG_WARN_CONSTANT_CONVERSION = YES;
				CLANG_WARN_DIRECT_OBJC_ISA_USAGE = YES_ERROR;
				CLANG_WARN_EMPTY_BODY = YES;
				CLANG_WARN_ENUM_CONVERSION = YES;
				CLANG_WARN_INT_CONVERSION = YES;
				CLANG_WARN_OBJC_ROOT_CLASS = YES_ERROR;
				CLANG_WARN_UNREACHABLE_CODE = YES;
				CLANG_WARN__DUPLICATE_METHOD_MATCH = YES;
				"CODE_SIGN_IDENTITY[sdk=iphoneos*]" = "iPhone Developer";
				COPY_PHASE_STRIP = NO;
				CURRENT_PROJECT_VERSION = 1;
				DEBUG_INFORMATION_FORMAT = dwarf;
				ENABLE_STRICT_OBJC_MSGSEND = YES;
				ENABLE_TESTABILITY = YES;
				GCC_C_LANGUAGE_STANDARD = gnu99;
				GCC_DYNAMIC_NO_PIC = NO;
				GCC_NO_COMMON_BLOCKS = YES;
				GCC_OPTIMIZATION_LEVEL = 0;
				GCC_PREPROCESSOR_DEFINITIONS = (
					"DEBUG=1",
					"$(inherited)",
				);
				GCC_WARN_64_TO_32_BIT_CONVERSION = YES;
				GCC_WARN_ABOUT_RETURN_TYPE = YES_ERROR;
				GCC_WARN_UNDECLARED_SELECTOR = YES;
				GCC_WARN_UNINITIALIZED_AUTOS = YES_AGGRESSIVE;
				GCC_WARN_UNUSED_FUNCTION = YES;
				GCC_WARN_UNUSED_VARIABLE = YES;
				IPHONEOS_DEPLOYMENT_TARGET = 8.0;
				MTL_ENABLE_DEBUG_INFO = YES;
				ONLY_ACTIVE_ARCH = YES;
				SDKROOT = iphoneos;
				TARGETED_DEVICE_FAMILY = "1,2";
				VERSIONING_SYSTEM = "apple-generic";
				VERSION_INFO_PREFIX = "";
			};
			name = Debug;
		};
		76012C5C1C265A160090BE94 /* Release */ = {
			isa = XCBuildConfiguration;
			buildSettings = {
				ALWAYS_SEARCH_USER_PATHS = NO;
				CLANG_CXX_LANGUAGE_STANDARD = "gnu++0x";
				CLANG_CXX_LIBRARY = "libc++";
				CLANG_ENABLE_MODULES = YES;
				CLANG_ENABLE_OBJC_ARC = YES;
				CLANG_WARN_BOOL_CONVERSION = YES;
				CLANG_WARN_CONSTANT_CONVERSION = YES;
				CLANG_WARN_DIRECT_OBJC_ISA_USAGE = YES_ERROR;
				CLANG_WARN_EMPTY_BODY = YES;
				CLANG_WARN_ENUM_CONVERSION = YES;
				CLANG_WARN_INT_CONVERSION = YES;
				CLANG_WARN_OBJC_ROOT_CLASS = YES_ERROR;
				CLANG_WARN_UNREACHABLE_CODE = YES;
				CLANG_WARN__DUPLICATE_METHOD_MATCH = YES;
				"CODE_SIGN_IDENTITY[sdk=iphoneos*]" = "iPhone Developer";
				COPY_PHASE_STRIP = NO;
				CURRENT_PROJECT_VERSION = 1;
				DEBUG_INFORMATION_FORMAT = "dwarf-with-dsym";
				ENABLE_NS_ASSERTIONS = NO;
				ENABLE_STRICT_OBJC_MSGSEND = YES;
				GCC_C_LANGUAGE_STANDARD = gnu99;
				GCC_NO_COMMON_BLOCKS = YES;
				GCC_WARN_64_TO_32_BIT_CONVERSION = YES;
				GCC_WARN_ABOUT_RETURN_TYPE = YES_ERROR;
				GCC_WARN_UNDECLARED_SELECTOR = YES;
				GCC_WARN_UNINITIALIZED_AUTOS = YES_AGGRESSIVE;
				GCC_WARN_UNUSED_FUNCTION = YES;
				GCC_WARN_UNUSED_VARIABLE = YES;
				IPHONEOS_DEPLOYMENT_TARGET = 8.0;
				MTL_ENABLE_DEBUG_INFO = NO;
				SDKROOT = iphoneos;
				TARGETED_DEVICE_FAMILY = "1,2";
				VALIDATE_PRODUCT = YES;
				VERSIONING_SYSTEM = "apple-generic";
				VERSION_INFO_PREFIX = "";
			};
			name = Release;
		};
		76012C5E1C265A160090BE94 /* Debug */ = {
			isa = XCBuildConfiguration;
			buildSettings = {
				DEFINES_MODULE = YES;
				DYLIB_COMPATIBILITY_VERSION = 1;
				DYLIB_CURRENT_VERSION = 1;
				DYLIB_INSTALL_NAME_BASE = "@rpath";
				INFOPLIST_FILE = STNetTaskQueue/Info.plist;
				INSTALL_PATH = "$(LOCAL_LIBRARY_DIR)/Frameworks";
				IPHONEOS_DEPLOYMENT_TARGET = 8.0;
				LD_RUNPATH_SEARCH_PATHS = "$(inherited) @executable_path/Frameworks @loader_path/Frameworks";
				PRODUCT_BUNDLE_IDENTIFIER = me.sth4.STNetTaskQueue;
				PRODUCT_NAME = "$(TARGET_NAME)";
				SKIP_INSTALL = YES;
			};
			name = Debug;
		};
		76012C5F1C265A160090BE94 /* Release */ = {
			isa = XCBuildConfiguration;
			buildSettings = {
				DEFINES_MODULE = YES;
				DYLIB_COMPATIBILITY_VERSION = 1;
				DYLIB_CURRENT_VERSION = 1;
				DYLIB_INSTALL_NAME_BASE = "@rpath";
				INFOPLIST_FILE = STNetTaskQueue/Info.plist;
				INSTALL_PATH = "$(LOCAL_LIBRARY_DIR)/Frameworks";
				IPHONEOS_DEPLOYMENT_TARGET = 8.0;
				LD_RUNPATH_SEARCH_PATHS = "$(inherited) @executable_path/Frameworks @loader_path/Frameworks";
				PRODUCT_BUNDLE_IDENTIFIER = me.sth4.STNetTaskQueue;
				PRODUCT_NAME = "$(TARGET_NAME)";
				SKIP_INSTALL = YES;
			};
			name = Release;
		};
/* End XCBuildConfiguration section */

/* Begin XCConfigurationList section */
		76012C4F1C265A160090BE94 /* Build configuration list for PBXProject "STNetTaskQueue" */ = {
			isa = XCConfigurationList;
			buildConfigurations = (
				76012C5B1C265A160090BE94 /* Debug */,
				76012C5C1C265A160090BE94 /* Release */,
			);
			defaultConfigurationIsVisible = 0;
			defaultConfigurationName = Release;
		};
		76012C5D1C265A160090BE94 /* Build configuration list for PBXNativeTarget "STNetTaskQueue" */ = {
			isa = XCConfigurationList;
			buildConfigurations = (
				76012C5E1C265A160090BE94 /* Debug */,
				76012C5F1C265A160090BE94 /* Release */,
			);
			defaultConfigurationIsVisible = 0;
			defaultConfigurationName = Release;
		};
/* End XCConfigurationList section */

/* Begin XCVersionGroup section */
		7B1333961D2941FC00DA5E58 /* WebCache.xcdatamodeld */ = {
			isa = XCVersionGroup;
			children = (
				7B1333971D2941FC00DA5E58 /* WebCache.xcdatamodel */,
			);
			currentVersion = 7B1333971D2941FC00DA5E58 /* WebCache.xcdatamodel */;
			path = WebCache.xcdatamodeld;
			sourceTree = "<group>";
			versionGroupType = wrapper.xcdatamodel;
		};
/* End XCVersionGroup section */
	};
	rootObject = 76012C4C1C265A160090BE94 /* Project object */;
}
