PODS:
  - ReactiveCocoa (2.5):
    - ReactiveCocoa/UI (= 2.5)
  - ReactiveCocoa/Core (2.5):
    - ReactiveCocoa/no-arc
  - ReactiveCocoa/no-arc (2.5)
  - ReactiveCocoa/UI (2.5):
    - ReactiveCocoa/Core
  - STNetTaskQueue (0.0.6)

DEPENDENCIES:
  - ReactiveCocoa
  - STNetTaskQueue

SPEC CHECKSUMS:
  ReactiveCocoa: e2db045570aa97c695e7aa97c2bcab222ae51f4a
  STNetTaskQueue: c0fcaf077a0a4d257cd5503cd32246c4f90bc8bd

COCOAPODS: 0.37.2
