PODS:
  - ReactiveCocoa (2.5):
    - ReactiveCocoa/UI (= 2.5)
  - ReactiveCocoa/Core (2.5):
    - ReactiveCocoa/no-arc
  - ReactiveCocoa/no-arc (2.5)
  - ReactiveCocoa/UI (2.5):
    - ReactiveCocoa/Core
  - STNetTaskQueue (0.0.8)

DEPENDENCIES:
  - ReactiveCocoa
  - STNetTaskQueue

SPEC CHECKSUMS:
  ReactiveCocoa: e2db045570aa97c695e7aa97c2bcab222ae51f4a
  STNetTaskQueue: 1247d4f96593039b51e4e1fc8bf27bd3dad9625c

COCOAPODS: 0.37.2
