PODS:
  - ReactiveCocoa (2.5):
    - ReactiveCocoa/UI (= 2.5)
  - ReactiveCocoa/Core (2.5):
    - ReactiveCocoa/no-arc
  - ReactiveCocoa/no-arc (2.5)
  - ReactiveCocoa/UI (2.5):
    - ReactiveCocoa/Core
  - STNetTaskQueue (0.0.7)

DEPENDENCIES:
  - ReactiveCocoa
  - STNetTaskQueue

SPEC CHECKSUMS:
  ReactiveCocoa: e2db045570aa97c695e7aa97c2bcab222ae51f4a
  STNetTaskQueue: 5b9c98082fc405a57ab0ae14c47beb9995344b63

COCOAPODS: 0.37.2
